github.com/dgrijalva/jwt-go v3.2.0+incompatible h1:7qlOGliEKZXTDg6OTjfoBKDXWrumCAMpl/TFQ4/5kLM=
github.com/dgrijalva/jwt-go v3.2.0+incompatible/go.mod h1:E3ru+11k8xSBh+hMPgOLZmtrrCbhqsmaPHjLKYnJCaQ=
github.com/gorilla/mux v1.8.0 h1:i40aqfkR1h2SlN9hojwV5ZA91wcXFOvkdNIeFDP5koI=
github.com/gorilla/mux v1.8.0/go.mod h1:DVbg23sWSpFRCP0SfiEN6jmj59UnW/n46BH5rLB71So=
github.com/iv-menshenin/appctl v1.0.0 h1:Y9aT7h7Cuu9QdVHiQkor9oI3fXaXLObL3JqdhMkSap8=
github.com/iv-menshenin/appctl v1.0.0/go.mod h1:vriu4zj4PaC009a8bgvVzLvv2C7JF67EpgwKXtVWymI=
